// !$*UTF8*$!
{
	archiveVersion = 1;
	classes = {
	};
	objectVersion = 46;
	objects = {

/* Begin PBXBuildFile section */
		7F5210511CFB89A400BA95D5 /* PhotoCollectionViewController.swift in Sources */ = {isa = PBXBuildFile; fileRef = 7F5210501CFB89A400BA95D5 /* PhotoCollectionViewController.swift */; };
		7F5210541CFBA6DA00BA95D5 /* Model.xcdatamodeld in Sources */ = {isa = PBXBuildFile; fileRef = 7F5210521CFBA6DA00BA95D5 /* Model.xcdatamodeld */; };
		7F5210581CFBB41C00BA95D5 /* CoreDataStack.swift in Sources */ = {isa = PBXBuildFile; fileRef = 7F5210571CFBB41C00BA95D5 /* CoreDataStack.swift */; };
		7F52105A1CFBCB2800BA95D5 /* CoreDataCollectionViewController.swift in Sources */ = {isa = PBXBuildFile; fileRef = 7F5210591CFBCB2800BA95D5 /* CoreDataCollectionViewController.swift */; };
		7F52105C1CFC998900BA95D5 /* CoreDataTableViewController.swift in Sources */ = {isa = PBXBuildFile; fileRef = 7F52105B1CFC998900BA95D5 /* CoreDataTableViewController.swift */; };
		7F5210611CFCFFD400BA95D5 /* LocationPin+CoreDataProperties.swift in Sources */ = {isa = PBXBuildFile; fileRef = 7F52105D1CFCFFD400BA95D5 /* LocationPin+CoreDataProperties.swift */; };
		7F5210621CFCFFD400BA95D5 /* LocationPin.swift in Sources */ = {isa = PBXBuildFile; fileRef = 7F52105E1CFCFFD400BA95D5 /* LocationPin.swift */; };
		7F5210631CFCFFD400BA95D5 /* LocationImage+CoreDataProperties.swift in Sources */ = {isa = PBXBuildFile; fileRef = 7F52105F1CFCFFD400BA95D5 /* LocationImage+CoreDataProperties.swift */; };
		7F5210641CFCFFD400BA95D5 /* LocationImage.swift in Sources */ = {isa = PBXBuildFile; fileRef = 7F5210601CFCFFD400BA95D5 /* LocationImage.swift */; };
		7F5210661CFE1FFC00BA95D5 /* PhotoAlbumViewController.swift in Sources */ = {isa = PBXBuildFile; fileRef = 7F5210651CFE1FFC00BA95D5 /* PhotoAlbumViewController.swift */; };
		7F5210691CFE8BFB00BA95D5 /* FlickrConvenience.swift in Sources */ = {isa = PBXBuildFile; fileRef = 7F5210681CFE8BFB00BA95D5 /* FlickrConvenience.swift */; };
		7F52106B1CFE8C0900BA95D5 /* FlickrConstants.swift in Sources */ = {isa = PBXBuildFile; fileRef = 7F52106A1CFE8C0900BA95D5 /* FlickrConstants.swift */; };
		7F52106D1CFE8C1E00BA95D5 /* FlickrClient.swift in Sources */ = {isa = PBXBuildFile; fileRef = 7F52106C1CFE8C1E00BA95D5 /* FlickrClient.swift */; };
		7FBEFE361CFA7179002BA9BB /* AppDelegate.swift in Sources */ = {isa = PBXBuildFile; fileRef = 7FBEFE351CFA7179002BA9BB /* AppDelegate.swift */; };
		7FBEFE381CFA7179002BA9BB /* TravelLocationsViewController.swift in Sources */ = {isa = PBXBuildFile; fileRef = 7FBEFE371CFA7179002BA9BB /* TravelLocationsViewController.swift */; };
		7FBEFE3B1CFA7179002BA9BB /* Main.storyboard in Resources */ = {isa = PBXBuildFile; fileRef = 7FBEFE391CFA7179002BA9BB /* Main.storyboard */; };
		7FBEFE3D1CFA7179002BA9BB /* Assets.xcassets in Resources */ = {isa = PBXBuildFile; fileRef = 7FBEFE3C1CFA7179002BA9BB /* Assets.xcassets */; };
		7FBEFE401CFA7179002BA9BB /* LaunchScreen.storyboard in Resources */ = {isa = PBXBuildFile; fileRef = 7FBEFE3E1CFA7179002BA9BB /* LaunchScreen.storyboard */; };
		7FBEFE4B1CFA7179002BA9BB /* VirtualTouristTests.swift in Sources */ = {isa = PBXBuildFile; fileRef = 7FBEFE4A1CFA7179002BA9BB /* VirtualTouristTests.swift */; };
		7FBEFE561CFA7179002BA9BB /* VirtualTouristUITests.swift in Sources */ = {isa = PBXBuildFile; fileRef = 7FBEFE551CFA7179002BA9BB /* VirtualTouristUITests.swift */; };
		7FBEFE641CFA72B3002BA9BB /* MapKit.framework in Frameworks */ = {isa = PBXBuildFile; fileRef = 7FBEFE631CFA72B3002BA9BB /* MapKit.framework */; };
/* End PBXBuildFile section */

/* Begin PBXContainerItemProxy section */
		7FBEFE471CFA7179002BA9BB /* PBXContainerItemProxy */ = {
			isa = PBXContainerItemProxy;
			containerPortal = 7FBEFE2A1CFA7179002BA9BB /* Project object */;
			proxyType = 1;
			remoteGlobalIDString = 7FBEFE311CFA7179002BA9BB;
			remoteInfo = VirtualTourist;
		};
		7FBEFE521CFA7179002BA9BB /* PBXContainerItemProxy */ = {
			isa = PBXContainerItemProxy;
			containerPortal = 7FBEFE2A1CFA7179002BA9BB /* Project object */;
			proxyType = 1;
			remoteGlobalIDString = 7FBEFE311CFA7179002BA9BB;
			remoteInfo = VirtualTourist;
		};
/* End PBXContainerItemProxy section */

/* Begin PBXFileReference section */
		7F5210501CFB89A400BA95D5 /* PhotoCollectionViewController.swift */ = {isa = PBXFileReference; fileEncoding = 4; lastKnownFileType = sourcecode.swift; path = PhotoCollectionViewController.swift; sourceTree = "<group>"; };
		7F5210531CFBA6DA00BA95D5 /* Model.xcdatamodel */ = {isa = PBXFileReference; lastKnownFileType = wrapper.xcdatamodel; path = Model.xcdatamodel; sourceTree = "<group>"; };
		7F5210571CFBB41C00BA95D5 /* CoreDataStack.swift */ = {isa = PBXFileReference; fileEncoding = 4; lastKnownFileType = sourcecode.swift; name = CoreDataStack.swift; path = ../../../../Downloads/CoreDataStack.swift; sourceTree = "<group>"; };
		7F5210591CFBCB2800BA95D5 /* CoreDataCollectionViewController.swift */ = {isa = PBXFileReference; fileEncoding = 4; lastKnownFileType = sourcecode.swift; path = CoreDataCollectionViewController.swift; sourceTree = "<group>"; };
		7F52105B1CFC998900BA95D5 /* CoreDataTableViewController.swift */ = {isa = PBXFileReference; fileEncoding = 4; lastKnownFileType = sourcecode.swift; path = CoreDataTableViewController.swift; sourceTree = "<group>"; };
		7F52105D1CFCFFD400BA95D5 /* LocationPin+CoreDataProperties.swift */ = {isa = PBXFileReference; fileEncoding = 4; lastKnownFileType = sourcecode.swift; name = "LocationPin+CoreDataProperties.swift"; path = "../LocationPin+CoreDataProperties.swift"; sourceTree = "<group>"; };
		7F52105E1CFCFFD400BA95D5 /* LocationPin.swift */ = {isa = PBXFileReference; fileEncoding = 4; lastKnownFileType = sourcecode.swift; name = LocationPin.swift; path = ../LocationPin.swift; sourceTree = "<group>"; };
		7F52105F1CFCFFD400BA95D5 /* LocationImage+CoreDataProperties.swift */ = {isa = PBXFileReference; fileEncoding = 4; lastKnownFileType = sourcecode.swift; name = "LocationImage+CoreDataProperties.swift"; path = "../LocationImage+CoreDataProperties.swift"; sourceTree = "<group>"; };
		7F5210601CFCFFD400BA95D5 /* LocationImage.swift */ = {isa = PBXFileReference; fileEncoding = 4; lastKnownFileType = sourcecode.swift; name = LocationImage.swift; path = ../LocationImage.swift; sourceTree = "<group>"; };
		7F5210651CFE1FFC00BA95D5 /* PhotoAlbumViewController.swift */ = {isa = PBXFileReference; fileEncoding = 4; lastKnownFileType = sourcecode.swift; path = PhotoAlbumViewController.swift; sourceTree = "<group>"; };
		7F5210681CFE8BFB00BA95D5 /* FlickrConvenience.swift */ = {isa = PBXFileReference; fileEncoding = 4; lastKnownFileType = sourcecode.swift; path = FlickrConvenience.swift; sourceTree = "<group>"; };
		7F52106A1CFE8C0900BA95D5 /* FlickrConstants.swift */ = {isa = PBXFileReference; fileEncoding = 4; lastKnownFileType = sourcecode.swift; path = FlickrConstants.swift; sourceTree = "<group>"; };
		7F52106C1CFE8C1E00BA95D5 /* FlickrClient.swift */ = {isa = PBXFileReference; fileEncoding = 4; lastKnownFileType = sourcecode.swift; path = FlickrClient.swift; sourceTree = "<group>"; };
		7FBEFE321CFA7179002BA9BB /* VirtualTourist.app */ = {isa = PBXFileReference; explicitFileType = wrapper.application; includeInIndex = 0; path = VirtualTourist.app; sourceTree = BUILT_PRODUCTS_DIR; };
		7FBEFE351CFA7179002BA9BB /* AppDelegate.swift */ = {isa = PBXFileReference; lastKnownFileType = sourcecode.swift; path = AppDelegate.swift; sourceTree = "<group>"; };
		7FBEFE371CFA7179002BA9BB /* TravelLocationsViewController.swift */ = {isa = PBXFileReference; lastKnownFileType = sourcecode.swift; path = TravelLocationsViewController.swift; sourceTree = "<group>"; };
		7FBEFE3A1CFA7179002BA9BB /* Base */ = {isa = PBXFileReference; lastKnownFileType = file.storyboard; name = Base; path = Base.lproj/Main.storyboard; sourceTree = "<group>"; };
		7FBEFE3C1CFA7179002BA9BB /* Assets.xcassets */ = {isa = PBXFileReference; lastKnownFileType = folder.assetcatalog; path = Assets.xcassets; sourceTree = "<group>"; };
		7FBEFE3F1CFA7179002BA9BB /* Base */ = {isa = PBXFileReference; lastKnownFileType = file.storyboard; name = Base; path = Base.lproj/LaunchScreen.storyboard; sourceTree = "<group>"; };
		7FBEFE411CFA7179002BA9BB /* Info.plist */ = {isa = PBXFileReference; lastKnownFileType = text.plist.xml; path = Info.plist; sourceTree = "<group>"; };
		7FBEFE461CFA7179002BA9BB /* VirtualTouristTests.xctest */ = {isa = PBXFileReference; explicitFileType = wrapper.cfbundle; includeInIndex = 0; path = VirtualTouristTests.xctest; sourceTree = BUILT_PRODUCTS_DIR; };
		7FBEFE4A1CFA7179002BA9BB /* VirtualTouristTests.swift */ = {isa = PBXFileReference; lastKnownFileType = sourcecode.swift; path = VirtualTouristTests.swift; sourceTree = "<group>"; };
		7FBEFE4C1CFA7179002BA9BB /* Info.plist */ = {isa = PBXFileReference; lastKnownFileType = text.plist.xml; path = Info.plist; sourceTree = "<group>"; };
		7FBEFE511CFA7179002BA9BB /* VirtualTouristUITests.xctest */ = {isa = PBXFileReference; explicitFileType = wrapper.cfbundle; includeInIndex = 0; path = VirtualTouristUITests.xctest; sourceTree = BUILT_PRODUCTS_DIR; };
		7FBEFE551CFA7179002BA9BB /* VirtualTouristUITests.swift */ = {isa = PBXFileReference; lastKnownFileType = sourcecode.swift; path = VirtualTouristUITests.swift; sourceTree = "<group>"; };
		7FBEFE571CFA7179002BA9BB /* Info.plist */ = {isa = PBXFileReference; lastKnownFileType = text.plist.xml; path = Info.plist; sourceTree = "<group>"; };
		7FBEFE631CFA72B3002BA9BB /* MapKit.framework */ = {isa = PBXFileReference; lastKnownFileType = wrapper.framework; name = MapKit.framework; path = System/Library/Frameworks/MapKit.framework; sourceTree = SDKROOT; };
/* End PBXFileReference section */

/* Begin PBXFrameworksBuildPhase section */
		7FBEFE2F1CFA7179002BA9BB /* Frameworks */ = {
			isa = PBXFrameworksBuildPhase;
			buildActionMask = 2147483647;
			files = (
				7FBEFE641CFA72B3002BA9BB /* MapKit.framework in Frameworks */,
			);
			runOnlyForDeploymentPostprocessing = 0;
		};
		7FBEFE431CFA7179002BA9BB /* Frameworks */ = {
			isa = PBXFrameworksBuildPhase;
			buildActionMask = 2147483647;
			files = (
			);
			runOnlyForDeploymentPostprocessing = 0;
		};
		7FBEFE4E1CFA7179002BA9BB /* Frameworks */ = {
			isa = PBXFrameworksBuildPhase;
			buildActionMask = 2147483647;
			files = (
			);
			runOnlyForDeploymentPostprocessing = 0;
		};
/* End PBXFrameworksBuildPhase section */

/* Begin PBXGroup section */
		7F5210671CFE8B9D00BA95D5 /* Client */ = {
			isa = PBXGroup;
			children = (
				7F5210681CFE8BFB00BA95D5 /* FlickrConvenience.swift */,
				7F52106A1CFE8C0900BA95D5 /* FlickrConstants.swift */,
				7F52106C1CFE8C1E00BA95D5 /* FlickrClient.swift */,
			);
			name = Client;
			sourceTree = "<group>";
		};
		7FBEFE291CFA7179002BA9BB = {
			isa = PBXGroup;
			children = (
				7FBEFE631CFA72B3002BA9BB /* MapKit.framework */,
				7FBEFE341CFA7179002BA9BB /* VirtualTourist */,
				7FBEFE491CFA7179002BA9BB /* VirtualTouristTests */,
				7FBEFE541CFA7179002BA9BB /* VirtualTouristUITests */,
				7FBEFE331CFA7179002BA9BB /* Products */,
			);
			sourceTree = "<group>";
		};
		7FBEFE331CFA7179002BA9BB /* Products */ = {
			isa = PBXGroup;
			children = (
				7FBEFE321CFA7179002BA9BB /* VirtualTourist.app */,
				7FBEFE461CFA7179002BA9BB /* VirtualTouristTests.xctest */,
				7FBEFE511CFA7179002BA9BB /* VirtualTouristUITests.xctest */,
			);
			name = Products;
			sourceTree = "<group>";
		};
		7FBEFE341CFA7179002BA9BB /* VirtualTourist */ = {
			isa = PBXGroup;
			children = (
				7FBEFE651CFA76C7002BA9BB /* Model */,
				7FBEFE671CFA76DA002BA9BB /* View */,
				7FBEFE681CFA76E3002BA9BB /* Controller */,
				7FBEFE351CFA7179002BA9BB /* AppDelegate.swift */,
				7FBEFE3C1CFA7179002BA9BB /* Assets.xcassets */,
				7FBEFE3E1CFA7179002BA9BB /* LaunchScreen.storyboard */,
				7FBEFE411CFA7179002BA9BB /* Info.plist */,
			);
			path = VirtualTourist;
			sourceTree = "<group>";
		};
		7FBEFE491CFA7179002BA9BB /* VirtualTouristTests */ = {
			isa = PBXGroup;
			children = (
				7FBEFE4A1CFA7179002BA9BB /* VirtualTouristTests.swift */,
				7FBEFE4C1CFA7179002BA9BB /* Info.plist */,
			);
			path = VirtualTouristTests;
			sourceTree = "<group>";
		};
		7FBEFE541CFA7179002BA9BB /* VirtualTouristUITests */ = {
			isa = PBXGroup;
			children = (
				7FBEFE551CFA7179002BA9BB /* VirtualTouristUITests.swift */,
				7FBEFE571CFA7179002BA9BB /* Info.plist */,
			);
			path = VirtualTouristUITests;
			sourceTree = "<group>";
		};
		7FBEFE651CFA76C7002BA9BB /* Model */ = {
			isa = PBXGroup;
			children = (
				7F5210671CFE8B9D00BA95D5 /* Client */,
				7F5210521CFBA6DA00BA95D5 /* Model.xcdatamodeld */,
				7F5210601CFCFFD400BA95D5 /* LocationImage.swift */,
				7F52105F1CFCFFD400BA95D5 /* LocationImage+CoreDataProperties.swift */,
				7F52105E1CFCFFD400BA95D5 /* LocationPin.swift */,
				7F52105D1CFCFFD400BA95D5 /* LocationPin+CoreDataProperties.swift */,
				7F5210571CFBB41C00BA95D5 /* CoreDataStack.swift */,
			);
			name = Model;
			sourceTree = "<group>";
		};
		7FBEFE671CFA76DA002BA9BB /* View */ = {
			isa = PBXGroup;
			children = (
				7FBEFE391CFA7179002BA9BB /* Main.storyboard */,
			);
			name = View;
			sourceTree = "<group>";
		};
		7FBEFE681CFA76E3002BA9BB /* Controller */ = {
			isa = PBXGroup;
			children = (
				7F5210591CFBCB2800BA95D5 /* CoreDataCollectionViewController.swift */,
				7F52105B1CFC998900BA95D5 /* CoreDataTableViewController.swift */,
				7FBEFE371CFA7179002BA9BB /* TravelLocationsViewController.swift */,
				7F5210501CFB89A400BA95D5 /* PhotoCollectionViewController.swift */,
				7F5210651CFE1FFC00BA95D5 /* PhotoAlbumViewController.swift */,
			);
			name = Controller;
			sourceTree = "<group>";
		};
/* End PBXGroup section */

/* Begin PBXNativeTarget section */
		7FBEFE311CFA7179002BA9BB /* VirtualTourist */ = {
			isa = PBXNativeTarget;
			buildConfigurationList = 7FBEFE5A1CFA7179002BA9BB /* Build configuration list for PBXNativeTarget "VirtualTourist" */;
			buildPhases = (
				7FBEFE2E1CFA7179002BA9BB /* Sources */,
				7FBEFE2F1CFA7179002BA9BB /* Frameworks */,
				7FBEFE301CFA7179002BA9BB /* Resources */,
			);
			buildRules = (
			);
			dependencies = (
			);
			name = VirtualTourist;
			productName = VirtualTourist;
			productReference = 7FBEFE321CFA7179002BA9BB /* VirtualTourist.app */;
			productType = "com.apple.product-type.application";
		};
		7FBEFE451CFA7179002BA9BB /* VirtualTouristTests */ = {
			isa = PBXNativeTarget;
			buildConfigurationList = 7FBEFE5D1CFA7179002BA9BB /* Build configuration list for PBXNativeTarget "VirtualTouristTests" */;
			buildPhases = (
				7FBEFE421CFA7179002BA9BB /* Sources */,
				7FBEFE431CFA7179002BA9BB /* Frameworks */,
				7FBEFE441CFA7179002BA9BB /* Resources */,
			);
			buildRules = (
			);
			dependencies = (
				7FBEFE481CFA7179002BA9BB /* PBXTargetDependency */,
			);
			name = VirtualTouristTests;
			productName = VirtualTouristTests;
			productReference = 7FBEFE461CFA7179002BA9BB /* VirtualTouristTests.xctest */;
			productType = "com.apple.product-type.bundle.unit-test";
		};
		7FBEFE501CFA7179002BA9BB /* VirtualTouristUITests */ = {
			isa = PBXNativeTarget;
			buildConfigurationList = 7FBEFE601CFA7179002BA9BB /* Build configuration list for PBXNativeTarget "VirtualTouristUITests" */;
			buildPhases = (
				7FBEFE4D1CFA7179002BA9BB /* Sources */,
				7FBEFE4E1CFA7179002BA9BB /* Frameworks */,
				7FBEFE4F1CFA7179002BA9BB /* Resources */,
			);
			buildRules = (
			);
			dependencies = (
				7FBEFE531CFA7179002BA9BB /* PBXTargetDependency */,
			);
			name = VirtualTouristUITests;
			productName = VirtualTouristUITests;
			productReference = 7FBEFE511CFA7179002BA9BB /* VirtualTouristUITests.xctest */;
			productType = "com.apple.product-type.bundle.ui-testing";
		};
/* End PBXNativeTarget section */

/* Begin PBXProject section */
		7FBEFE2A1CFA7179002BA9BB /* Project object */ = {
			isa = PBXProject;
			attributes = {
				LastSwiftUpdateCheck = 0730;
				LastUpgradeCheck = 0730;
				ORGANIZATIONNAME = "RW Software";
				TargetAttributes = {
					7FBEFE311CFA7179002BA9BB = {
						CreatedOnToolsVersion = 7.3;
					};
					7FBEFE451CFA7179002BA9BB = {
						CreatedOnToolsVersion = 7.3;
						TestTargetID = 7FBEFE311CFA7179002BA9BB;
					};
					7FBEFE501CFA7179002BA9BB = {
						CreatedOnToolsVersion = 7.3;
						TestTargetID = 7FBEFE311CFA7179002BA9BB;
					};
				};
			};
			buildConfigurationList = 7FBEFE2D1CFA7179002BA9BB /* Build configuration list for PBXProject "VirtualTourist" */;
			compatibilityVersion = "Xcode 3.2";
			developmentRegion = English;
			hasScannedForEncodings = 0;
			knownRegions = (
				en,
				Base,
			);
			mainGroup = 7FBEFE291CFA7179002BA9BB;
			productRefGroup = 7FBEFE331CFA7179002BA9BB /* Products */;
			projectDirPath = "";
			projectRoot = "";
			targets = (
				7FBEFE311CFA7179002BA9BB /* VirtualTourist */,
				7FBEFE451CFA7179002BA9BB /* VirtualTouristTests */,
				7FBEFE501CFA7179002BA9BB /* VirtualTouristUITests */,
			);
		};
/* End PBXProject section */

/* Begin PBXResourcesBuildPhase section */
		7FBEFE301CFA7179002BA9BB /* Resources */ = {
			isa = PBXResourcesBuildPhase;
			buildActionMask = 2147483647;
			files = (
				7FBEFE401CFA7179002BA9BB /* LaunchScreen.storyboard in Resources */,
				7FBEFE3D1CFA7179002BA9BB /* Assets.xcassets in Resources */,
				7FBEFE3B1CFA7179002BA9BB /* Main.storyboard in Resources */,
			);
			runOnlyForDeploymentPostprocessing = 0;
		};
		7FBEFE441CFA7179002BA9BB /* Resources */ = {
			isa = PBXResourcesBuildPhase;
			buildActionMask = 2147483647;
			files = (
			);
			runOnlyForDeploymentPostprocessing = 0;
		};
		7FBEFE4F1CFA7179002BA9BB /* Resources */ = {
			isa = PBXResourcesBuildPhase;
			buildActionMask = 2147483647;
			files = (
			);
			runOnlyForDeploymentPostprocessing = 0;
		};
/* End PBXResourcesBuildPhase section */

/* Begin PBXSourcesBuildPhase section */
		7FBEFE2E1CFA7179002BA9BB /* Sources */ = {
			isa = PBXSourcesBuildPhase;
			buildActionMask = 2147483647;
			files = (
				7F52106B1CFE8C0900BA95D5 /* FlickrConstants.swift in Sources */,
				7F5210631CFCFFD400BA95D5 /* LocationImage+CoreDataProperties.swift in Sources */,
				7F5210621CFCFFD400BA95D5 /* LocationPin.swift in Sources */,
				7F52105C1CFC998900BA95D5 /* CoreDataTableViewController.swift in Sources */,
				7F5210581CFBB41C00BA95D5 /* CoreDataStack.swift in Sources */,
				7F5210611CFCFFD400BA95D5 /* LocationPin+CoreDataProperties.swift in Sources */,
				7F52105A1CFBCB2800BA95D5 /* CoreDataCollectionViewController.swift in Sources */,
				7F5210641CFCFFD400BA95D5 /* LocationImage.swift in Sources */,
				7FBEFE381CFA7179002BA9BB /* TravelLocationsViewController.swift in Sources */,
				7F5210511CFB89A400BA95D5 /* PhotoCollectionViewController.swift in Sources */,
				7FBEFE361CFA7179002BA9BB /* AppDelegate.swift in Sources */,
				7F52106D1CFE8C1E00BA95D5 /* FlickrClient.swift in Sources */,
				7F5210541CFBA6DA00BA95D5 /* Model.xcdatamodeld in Sources */,
				7F5210691CFE8BFB00BA95D5 /* FlickrConvenience.swift in Sources */,
				7F5210661CFE1FFC00BA95D5 /* PhotoAlbumViewController.swift in Sources */,
			);
			runOnlyForDeploymentPostprocessing = 0;
		};
		7FBEFE421CFA7179002BA9BB /* Sources */ = {
			isa = PBXSourcesBuildPhase;
			buildActionMask = 2147483647;
			files = (
				7FBEFE4B1CFA7179002BA9BB /* VirtualTouristTests.swift in Sources */,
			);
			runOnlyForDeploymentPostprocessing = 0;
		};
		7FBEFE4D1CFA7179002BA9BB /* Sources */ = {
			isa = PBXSourcesBuildPhase;
			buildActionMask = 2147483647;
			files = (
				7FBEFE561CFA7179002BA9BB /* VirtualTouristUITests.swift in Sources */,
			);
			runOnlyForDeploymentPostprocessing = 0;
		};
/* End PBXSourcesBuildPhase section */

/* Begin PBXTargetDependency section */
		7FBEFE481CFA7179002BA9BB /* PBXTargetDependency */ = {
			isa = PBXTargetDependency;
			target = 7FBEFE311CFA7179002BA9BB /* VirtualTourist */;
			targetProxy = 7FBEFE471CFA7179002BA9BB /* PBXContainerItemProxy */;
		};
		7FBEFE531CFA7179002BA9BB /* PBXTargetDependency */ = {
			isa = PBXTargetDependency;
			target = 7FBEFE311CFA7179002BA9BB /* VirtualTourist */;
			targetProxy = 7FBEFE521CFA7179002BA9BB /* PBXContainerItemProxy */;
		};
/* End PBXTargetDependency section */

/* Begin PBXVariantGroup section */
		7FBEFE391CFA7179002BA9BB /* Main.storyboard */ = {
			isa = PBXVariantGroup;
			children = (
				7FBEFE3A1CFA7179002BA9BB /* Base */,
			);
			name = Main.storyboard;
			sourceTree = "<group>";
		};
		7FBEFE3E1CFA7179002BA9BB /* LaunchScreen.storyboard */ = {
			isa = PBXVariantGroup;
			children = (
				7FBEFE3F1CFA7179002BA9BB /* Base */,
			);
			name = LaunchScreen.storyboard;
			sourceTree = "<group>";
		};
/* End PBXVariantGroup section */

/* Begin XCBuildConfiguration section */
		7FBEFE581CFA7179002BA9BB /* Debug */ = {
			isa = XCBuildConfiguration;
			buildSettings = {
				ALWAYS_SEARCH_USER_PATHS = NO;
				CLANG_ANALYZER_NONNULL = YES;
				CLANG_CXX_LANGUAGE_STANDARD = "gnu++0x";
				CLANG_CXX_LIBRARY = "libc++";
				CLANG_ENABLE_MODULES = YES;
				CLANG_ENABLE_OBJC_ARC = YES;
				CLANG_WARN_BOOL_CONVERSION = YES;
				CLANG_WARN_CONSTANT_CONVERSION = YES;
				CLANG_WARN_DIRECT_OBJC_ISA_USAGE = YES_ERROR;
				CLANG_WARN_EMPTY_BODY = YES;
				CLANG_WARN_ENUM_CONVERSION = YES;
				CLANG_WARN_INT_CONVERSION = YES;
				CLANG_WARN_OBJC_ROOT_CLASS = YES_ERROR;
				CLANG_WARN_UNREACHABLE_CODE = YES;
				CLANG_WARN__DUPLICATE_METHOD_MATCH = YES;
				"CODE_SIGN_IDENTITY[sdk=iphoneos*]" = "iPhone Developer";
				COPY_PHASE_STRIP = NO;
				DEBUG_INFORMATION_FORMAT = dwarf;
				ENABLE_STRICT_OBJC_MSGSEND = YES;
				ENABLE_TESTABILITY = YES;
				GCC_C_LANGUAGE_STANDARD = gnu99;
				GCC_DYNAMIC_NO_PIC = NO;
				GCC_NO_COMMON_BLOCKS = YES;
				GCC_OPTIMIZATION_LEVEL = 0;
				GCC_PREPROCESSOR_DEFINITIONS = (
					"DEBUG=1",
					"$(inherited)",
				);
				GCC_WARN_64_TO_32_BIT_CONVERSION = YES;
				GCC_WARN_ABOUT_RETURN_TYPE = YES_ERROR;
				GCC_WARN_UNDECLARED_SELECTOR = YES;
				GCC_WARN_UNINITIALIZED_AUTOS = YES_AGGRESSIVE;
				GCC_WARN_UNUSED_FUNCTION = YES;
				GCC_WARN_UNUSED_VARIABLE = YES;
				IPHONEOS_DEPLOYMENT_TARGET = 9.3;
				MTL_ENABLE_DEBUG_INFO = YES;
				ONLY_ACTIVE_ARCH = YES;
				SDKROOT = iphoneos;
				SWIFT_OPTIMIZATION_LEVEL = "-Onone";
			};
			name = Debug;
		};
		7FBEFE591CFA7179002BA9BB /* Release */ = {
			isa = XCBuildConfiguration;
			buildSettings = {
				ALWAYS_SEARCH_USER_PATHS = NO;
				CLANG_ANALYZER_NONNULL = YES;
				CLANG_CXX_LANGUAGE_STANDARD = "gnu++0x";
				CLANG_CXX_LIBRARY = "libc++";
				CLANG_ENABLE_MODULES = YES;
				CLANG_ENABLE_OBJC_ARC = YES;
				CLANG_WARN_BOOL_CONVERSION = YES;
				CLANG_WARN_CONSTANT_CONVERSION = YES;
				CLANG_WARN_DIRECT_OBJC_ISA_USAGE = YES_ERROR;
				CLANG_WARN_EMPTY_BODY = YES;
				CLANG_WARN_ENUM_CONVERSION = YES;
				CLANG_WARN_INT_CONVERSION = YES;
				CLANG_WARN_OBJC_ROOT_CLASS = YES_ERROR;
				CLANG_WARN_UNREACHABLE_CODE = YES;
				CLANG_WARN__DUPLICATE_METHOD_MATCH = YES;
				"CODE_SIGN_IDENTITY[sdk=iphoneos*]" = "iPhone Developer";
				COPY_PHASE_STRIP = NO;
				DEBUG_INFORMATION_FORMAT = "dwarf-with-dsym";
				ENABLE_NS_ASSERTIONS = NO;
				ENABLE_STRICT_OBJC_MSGSEND = YES;
				GCC_C_LANGUAGE_STANDARD = gnu99;
				GCC_NO_COMMON_BLOCKS = YES;
				GCC_WARN_64_TO_32_BIT_CONVERSION = YES;
				GCC_WARN_ABOUT_RETURN_TYPE = YES_ERROR;
				GCC_WARN_UNDECLARED_SELECTOR = YES;
				GCC_WARN_UNINITIALIZED_AUTOS = YES_AGGRESSIVE;
				GCC_WARN_UNUSED_FUNCTION = YES;
				GCC_WARN_UNUSED_VARIABLE = YES;
				IPHONEOS_DEPLOYMENT_TARGET = 9.3;
				MTL_ENABLE_DEBUG_INFO = NO;
				SDKROOT = iphoneos;
				VALIDATE_PRODUCT = YES;
			};
			name = Release;
		};
		7FBEFE5B1CFA7179002BA9BB /* Debug */ = {
			isa = XCBuildConfiguration;
			buildSettings = {
				ASSETCATALOG_COMPILER_APPICON_NAME = AppIcon;
				INFOPLIST_FILE = VirtualTourist/Info.plist;
				LD_RUNPATH_SEARCH_PATHS = "$(inherited) @executable_path/Frameworks";
				PRODUCT_BUNDLE_IDENTIFIER = RW.VirtualTourist;
				PRODUCT_NAME = "$(TARGET_NAME)";
			};
			name = Debug;
		};
		7FBEFE5C1CFA7179002BA9BB /* Release */ = {
			isa = XCBuildConfiguration;
			buildSettings = {
				ASSETCATALOG_COMPILER_APPICON_NAME = AppIcon;
				INFOPLIST_FILE = VirtualTourist/Info.plist;
				LD_RUNPATH_SEARCH_PATHS = "$(inherited) @executable_path/Frameworks";
				PRODUCT_BUNDLE_IDENTIFIER = RW.VirtualTourist;
				PRODUCT_NAME = "$(TARGET_NAME)";
			};
			name = Release;
		};
		7FBEFE5E1CFA7179002BA9BB /* Debug */ = {
			isa = XCBuildConfiguration;
			buildSettings = {
				BUNDLE_LOADER = "$(TEST_HOST)";
				INFOPLIST_FILE = VirtualTouristTests/Info.plist;
				LD_RUNPATH_SEARCH_PATHS = "$(inherited) @executable_path/Frameworks @loader_path/Frameworks";
				PRODUCT_BUNDLE_IDENTIFIER = RW.VirtualTouristTests;
				PRODUCT_NAME = "$(TARGET_NAME)";
				TEST_HOST = "$(BUILT_PRODUCTS_DIR)/VirtualTourist.app/VirtualTourist";
			};
			name = Debug;
		};
		7FBEFE5F1CFA7179002BA9BB /* Release */ = {
			isa = XCBuildConfiguration;
			buildSettings = {
				BUNDLE_LOADER = "$(TEST_HOST)";
				INFOPLIST_FILE = VirtualTouristTests/Info.plist;
				LD_RUNPATH_SEARCH_PATHS = "$(inherited) @executable_path/Frameworks @loader_path/Frameworks";
				PRODUCT_BUNDLE_IDENTIFIER = RW.VirtualTouristTests;
				PRODUCT_NAME = "$(TARGET_NAME)";
				TEST_HOST = "$(BUILT_PRODUCTS_DIR)/VirtualTourist.app/VirtualTourist";
			};
			name = Release;
		};
		7FBEFE611CFA7179002BA9BB /* Debug */ = {
			isa = XCBuildConfiguration;
			buildSettings = {
				INFOPLIST_FILE = VirtualTouristUITests/Info.plist;
				LD_RUNPATH_SEARCH_PATHS = "$(inherited) @executable_path/Frameworks @loader_path/Frameworks";
				PRODUCT_BUNDLE_IDENTIFIER = RW.VirtualTouristUITests;
				PRODUCT_NAME = "$(TARGET_NAME)";
				TEST_TARGET_NAME = VirtualTourist;
			};
			name = Debug;
		};
		7FBEFE621CFA7179002BA9BB /* Release */ = {
			isa = XCBuildConfiguration;
			buildSettings = {
				INFOPLIST_FILE = VirtualTouristUITests/Info.plist;
				LD_RUNPATH_SEARCH_PATHS = "$(inherited) @executable_path/Frameworks @loader_path/Frameworks";
				PRODUCT_BUNDLE_IDENTIFIER = RW.VirtualTouristUITests;
				PRODUCT_NAME = "$(TARGET_NAME)";
				TEST_TARGET_NAME = VirtualTourist;
			};
			name = Release;
		};
/* End XCBuildConfiguration section */

/* Begin XCConfigurationList section */
		7FBEFE2D1CFA7179002BA9BB /* Build configuration list for PBXProject "VirtualTourist" */ = {
			isa = XCConfigurationList;
			buildConfigurations = (
				7FBEFE581CFA7179002BA9BB /* Debug */,
				7FBEFE591CFA7179002BA9BB /* Release */,
			);
			defaultConfigurationIsVisible = 0;
			defaultConfigurationName = Release;
		};
		7FBEFE5A1CFA7179002BA9BB /* Build configuration list for PBXNativeTarget "VirtualTourist" */ = {
			isa = XCConfigurationList;
			buildConfigurations = (
				7FBEFE5B1CFA7179002BA9BB /* Debug */,
				7FBEFE5C1CFA7179002BA9BB /* Release */,
			);
			defaultConfigurationIsVisible = 0;
			defaultConfigurationName = Release;
		};
		7FBEFE5D1CFA7179002BA9BB /* Build configuration list for PBXNativeTarget "VirtualTouristTests" */ = {
			isa = XCConfigurationList;
			buildConfigurations = (
				7FBEFE5E1CFA7179002BA9BB /* Debug */,
				7FBEFE5F1CFA7179002BA9BB /* Release */,
			);
			defaultConfigurationIsVisible = 0;
			defaultConfigurationName = Release;
		};
		7FBEFE601CFA7179002BA9BB /* Build configuration list for PBXNativeTarget "VirtualTouristUITests" */ = {
			isa = XCConfigurationList;
			buildConfigurations = (
				7FBEFE611CFA7179002BA9BB /* Debug */,
				7FBEFE621CFA7179002BA9BB /* Release */,
			);
			defaultConfigurationIsVisible = 0;
			defaultConfigurationName = Release;
		};
/* End XCConfigurationList section */

/* Begin XCVersionGroup section */
		7F5210521CFBA6DA00BA95D5 /* Model.xcdatamodeld */ = {
			isa = XCVersionGroup;
			children = (
				7F5210531CFBA6DA00BA95D5 /* Model.xcdatamodel */,
			);
			currentVersion = 7F5210531CFBA6DA00BA95D5 /* Model.xcdatamodel */;
			name = Model.xcdatamodeld;
			path = ../Model.xcdatamodeld;
			sourceTree = "<group>";
			versionGroupType = wrapper.xcdatamodel;
		};
/* End XCVersionGroup section */
	};
	rootObject = 7FBEFE2A1CFA7179002BA9BB /* Project object */;
}
